ewogICJuYW1lIjogInNlcnZlciIsCiAgImxvY2tmaWxlVmVyc2lvbiI6IDMsCiAgInJlcXVpcmVzIjogdHJ1ZSwKICAicGFja2FnZXMiOiB7CiAgICAiIjogewogICAgICAibmFtZSI6ICJzZXJ2ZXIiLAogICAgICAibGljZW5zZSI6ICJTRUUgTElDRU5TRSBJTiBMSUNFTlNFLm1kIGFuZCBMSUNFTlNFLUNQUC1CSU5BUklFUy5tZCIsCiAgICAgICJkZXBlbmRlbmNpZXMiOiB7CiAgICAgICAgIkBpbndvcmxkL3J1bnRpbWUiOiAiXjEuMC41IiwKICAgICAgICAiY29ycyI6ICJeMi44LjUiLAogICAgICAgICJkb3RlbnYiOiAiXjE2LjQuNyIsCiAgICAgICAgImV4cHJlc3MiOiAiXjUuMS4wIiwKICAgICAgICAiZXhwcmVzcy12YWxpZGF0b3IiOiAiXjcuMy4xIiwKICAgICAgICAidXVpZCI6ICJeMTEuMS4wIiwKICAgICAgICAid2F2LWVuY29kZXIiOiAiXjEuMy4wIiwKICAgICAgICAid3MiOiAiXjguMTguMSIKICAgICAgfSwKICAgICAgImRldkRlcGVuZGVuY2llcyI6IHsKICAgICAgICAiQHR5cGVzL2NvcnMiOiAiXjIuOC4xNyIsCiAgICAgICAgIkB0eXBlcy9leHByZXNzIjogIl41LjAuMSIsCiAgICAgICAgIkB0eXBlcy9leHByZXNzLXZhbGlkYXRvciI6ICJeMy4wLjAiLAogICAgICAgICJAdHlwZXMvbm9kZSI6ICJeMjIuMTQuMCIsCiAgICAgICAgIkB0eXBlcy93cyI6ICJeOC4xOC4xIiwKICAgICAgICAibm9kZW1vbiI6ICJeMy4xLjkiLAogICAgICAgICJ0cy1ub2RlIjogIl4xMC45LjIiLAogICAgICAgICJ0eXBlc2NyaXB0IjogIl41LjguMyIKICAgICAgfSwKICAgICAgImVuZ2luZXMiOiB7CiAgICAgICAgIm5vZGUiOiAiPj0yMC4wLjAiCiAgICAgIH0KICAgIH0sCiAgICAibm9kZV9tb2R1bGVzL0BidWZidWlsZC9wcm90b2J1ZiI6IHsKICAgICAgInZlcnNpb24iOiAiMi4xMS4wIiwKICAgICAgInJlc29sdmVkIjogImh0dHBzOi8vcmVnaXN0cnkubnBtanMub3JnL0BidWZidWlsZC9wcm90b2J1Zi8tL3Byb3RvYnVmLTIuMTEuMC50Z3oiLAogICAgICAiaW50ZWdyaXR5IjogInNoYTUxMi1zQlhHVDEzY3BtUFI1Qk1nSEU2VUVFZkVhU2hoNVJvcjZyZk4zeUVLNXNpN1FWcnRaZzhMRVBRYjBWVmhpTFJVc2xEMnlMblh0blJ6RzAzNUovbVpYUT09IiwKICAgICAgImxpY2Vuc2UiOiAiKEFwYWNoZS0yLjAgQU5EIEJTRC0zLUNsYXVzZSkiCiAgICB9LAogICAgIm5vZGVfbW9kdWxlcy9AY3Nwb3Rjb2RlL3NvdXJjZS1tYXAtc3VwcG9ydCI6IHsKICAgICAgInZlcnNpb24iOiAiMC44LjEiLAogICAgICAiZGV2IjogdHJ1ZSwKICAgICAgImxpY2Vuc2UiOiAiTUlUIiwKICAgICAgImRlcGVuZGVuY2llcyI6IHsKICAgICAgICAiQGpyaWRnZXdlbGwvdHJhY2UtbWFwcGluZyI6ICIwLjMuOSIKICAgICAgfSwKICAgICAgImVuZ2luZXMiOiB7CiAgICAgICAgIm5vZGUiOiAiPj0xMiIKICAgICAgfQogICAgfSwKICAgICJub2RlX21vZHVsZXMvQGlud29ybGQvcnVudGltZSI6IHsKICAgICAgInZlcnNpb24iOiAiMS4wLjUiLAogICAgICAicmVzb2x2ZWQiOiAiaHR0cHM6Ly9yZWdpc3RyeS5ucG1qcy5vcmcvQGlud29ybGQvcnVudGltZS8tL3J1bnRpbWUtMS4wLjUudGd6IiwKICAgICAgImludGVncml0eSI6ICJzaGE1MTItbVFHc3hrL1ZDc1pEQ3EyaWpYM0hKVXE1MCtNZ3hmYUMrS1BBc21SU1lKbEp1Z0R3cE5LTVZxSUh5QW1pWG5DMlgxVXB0NTMrNitMWHdMbkc2WlJBPT0iLAogICAgICAibGljZW5zZSI6ICJTRUUgTElDRU5TRSBJTiBMSUNFTlNFLm1kIGFuZCBMSUNFTlNFLUNQUC1CSU5BUklFUy5tZCIsCiAgICAgICJkZXBlbmRlbmNpZXMiOiB7CiAgICAgICAgIkBidWZidWlsZC9wcm90b2J1ZiI6ICIyLjExLjAiLAogICAgICAgICJncnBjLXRvb2xzIjogIjEuMTMuMCIsCiAgICAgICAgInV1aWQiOiAiXjExLjAuMCIKICAgICAgfQogICAgfSwKICAgICJub2RlX21vZHVsZXMvQGpyaWRnZXdlbGwvdHJhY2UtbWFwcGluZyI6IHsKICAgICAgInZlcnNpb24iOiAiMC4zLjkiLAogICAgICAiZGV2IjogdHJ1ZSwKICAgICAgImxpY2Vuc2UiOiAiTUlUIgogICAgfSwKICAgICJub2RlX21vZHVsZXMvQHR5cGVzL2NvcnMiOiB7CiAgICAgICJ2ZXJzaW9uIjogIjIuOC4xNyIsCiAgICAgICJkZXYiOiB0cnVlLAogICAgICAicmVzb2x2ZWQiOiAiaHR0cHM6Ly9yZWdpc3RyeS5ucG1qcy5vcmcvQHR5cGVzL2NvcnMvLS9jb3JzLTIuOC4xNy50Z3oiLAogICAgICAiaW50ZWdyaXR5IjogInNoYTUxMi13OFhWMHpST1dQZzNPeEttTkxhbkZRZm9TbGN0YkczblhDY1IxWGtDY2RBdVlRalZneTRFT3hxbUNkOVFpbER6NFhvNjVYV0hQWlFCMGc9PSIsCiAgICAgICJsaWNlbnNlIjogIk1JVCIsCiAgICAgICJkZXBlbmRlbmNpZXMiOiB7CiAgICAgICAgIkB0eXBlcy9leHByZXNzIjogIioiCiAgICAgIH0KICAgIH0sCiAgICAibm9kZV9tb2R1bGVzL0B0eXBlcy9leHByZXNzIjogewogICAgICAidmVyc2lvbiI6ICI1LjAuMSIsCiAgICAgICJkZXYiOiB0cnVlLAogICAgICAicmVzb2x2ZWQiOiAiaHR0cHM6Ly9yZWdpc3RyeS5ucG1qcy5vcmcvQHR5cGVzL2V4cHJlc3MvLS9leHByZXNzLTUuMC4xLnRneiIsCiAgICAgICJpbnRlZ3JpdHkiOiAic2hhNTEyLUFKZDB3SVVFQ2hDMFU5MmdvZHJXTklBenZXYUZKSi8ra0g0cFhQa1IrVS9RcHpWd0RiUXE3RFJmYzExOTZuSXhCa3NKbHBlVURaZz09IiwKICAgICAgImxpY2Vuc2UiOiAiTUlUIiwKICAgICAgImRlcGVuZGVuY2llcyI6IHsKICAgICAgICAiQHR5cGVzL2V4cHJlc3Mtc2VydmUtc3RhdGljIjogIioiLAogICAgICAgICJAdHlwZXMvbm9kZSI6ICIqIiwKICAgICAgICAiQHR5cGVzL3Fzc3RyaW5naWZ5IjogIioiLAogICAgICAgICJAdHlwZXMvc2VuZCI6ICIqIgogICAgICB9CiAgICB9LAogICAgIm5vZGVfbW9kdWxlcy9AdHlwZXMvZXhwcmVzcy1zZXJ2ZS1zdGF0aWMiOiB7CiAgICAgICJ2ZXJzaW9uIjogIjEuMTUuNyIsCiAgICAgICJkZXYiOiB0cnVlLAogICAgICAicmVzb2x2ZWQiOiAiaHR0cHM6Ly9yZWdpc3RyeS5ucG1qcy5vcmcvQHR5cGVzL2V4cHJlc3Mtc2VydmUtc3RhdGljLy0vZXhwcmVzcy1zZXJ2ZS1zdGF0aWMtMS4xNS43LnRneiIsCiAgICAgICJpbnRlZ3JpdHkiOiAic2hhNTEyLVc4a3UxNlBBMHVIQ0h5UUk3MkR1TUZEL3d6dFZvdFJCNnYwOFBicUd5R0NHbTVQRzUxb3lDdFhEVERsZnFpV2tKV1dZRUQ3UT09IiwKICAgICAgImxpY2Vuc2UiOiAiTUlUIiwKICAgICAgImRlcGVuZGVuY2llcyI6IHsKICAgICAgICAiQHR5cGVzL21pbWUiOiAiKiIsCiAgICAgICAgIkB0eXBlcy9ub2RlIjogIioiCiAgICAgIH0KICAgIH0sCiAgICAibm9kZV9tb2R1bGVzL0B0eXBlcy9leHByZXNzLXZhbGlkYXRvciI6IHsKICAgICAgInZlcnNpb24iOiAiMy4wLjAiLAogICAgICAiZGV2IjogdHJ1ZSwKICAgICAgInJlc29sdmVkIjogImh0dHBzOi8vcmVnaXN0cnkubnBtanMub3JnL0B0eXBlcy9leHByZXNzLXZhbGlkYXRvci8tL2V4cHJlc3MtdmFsaWRhdG9yLTMuMC4wLnRneiIsCiAgICAgICJpbnRlZ3JpdHkiOiAic2hhNTEyLU1OdkJSejViM09uM3dmV1VZT0xxdDNiRVBmWGtkWi9RQWxObWEwQ0h0QmhBUnJ5Z1dTK2pJMUFTaGp2TkZVZnVIU2d1a0NtWFRTUT09IiwKICAgICAgImxpY2Vuc2UiOiAiTUlUIiwKICAgICAgImRlcGVuZGVuY2llcyI6IHsKICAgICAgICAiZXhwcmVzcy12YWxpZGF0b3IiOiAiKiIKICAgICAgfQogICAgfSwKICAgICJub2RlX21vZHVsZXMvQHR5cGVzL21pbWUiOiB7CiAgICAgICJ2ZXJzaW9uIjogIjMuMC40IiwKICAgICAgImRldiI6IHRydWUsCiAgICAgICJyZXNvbHZlZCI6ICJodHRwczovL3JlZ2lzdHJ5Lm5wbWpzLm9yZy9AdHlwZXMvbWltZS8tL21pbWUtMy4wLjQudGd6IiwKICAgICAgImludGVncml0eSI6ICJzaGE1MTItaUU0M0FDdmFtNk9NR3ZSVlgrUVBRTEhEOFhUQ3ZRcHArcXVFQ3hzRk83Umd3bDB2bmpybGNqbnVieEdVSjBwUE9zcWV2cjlaUT09IiwKICAgICAgImxpY2Vuc2UiOiAiTUlUIgogICAgfSwKICAgICJub2RlX21vZHVsZXMvQHR5cGVzL25vZGUiOiB7CiAgICAgICJ2ZXJzaW9uIjogIjIyLjE0LjAiLAogICAgICAiZGV2IjogdHJ1ZSwKICAgICAgInJlc29sdmVkIjogImh0dHBzOi8vcmVnaXN0cnkubnBtanMub3JnL0B0eXBlcy9ub2RlLy0vbm9kZS0yMi4xNC4wLnRneiIsCiAgICAgICJpbnRlZ3JpdHkiOiAic2hhNTEyLVhhUk5abEsvcjQwNzBVcnhYMjlQVlFVcVU5dEdHS3lkdXMyRzlURVpSejV6TVl5L2k3dUJLanY4dVpaY1FmZGptK01naHZxaEpFVkE9PSIsCiAgICAgICJsaWNlbnNlIjogIk1JVCIsCiAgICAgICJkZXBlbmRlbmNpZXMiOiB7CiAgICAgICAgInVuZGljaS10eXBlcyI6ICJ+Ni4yMC4wIgogICAgICB9CiAgICB9LAogICAgIm5vZGVfbW9kdWxlcy9AdHlwZXMvcXNzdHJpbmdpZnkiOiB7CiAgICAgICJ2ZXJzaW9uIjogIjAuMC40IiwKICAgICAgImRldiI6IHRydWUsCiAgICAgICJyZXNvbHZlZCI6ICJodHRwczovL3JlZ2lzdHJ5Lm5wbWpzLm9yZy9AdHlwZXMvcXNzdHJpbmdpZnkvLS9xc3N0cmluZ2lmeS0wLjAuNC50Z3oiLAogICAgICAiaW50ZWdyaXR5IjogInNoYTUxMi1ZcE81ZXBIT0JyQ25USVVvUEpMOHo0dFdnYlRONWh2MHJ5a1hSdjBuQ2VhY3dDMC9ZQnpnRE02OVZ0dlhNd3B0WkFMSmE0OVZkNVE9PSIsCiAgICAgICJsaWNlbnNlIjogIk1JVCIKICAgIH0sCiAgICAibm9kZV9tb2R1bGVzL0B0eXBlcy9zZW5kIjogewogICAgICAidmVyc2lvbiI6ICIwLjE3LjQiLAogICAgICAiZGV2IjogdHJ1ZSwKICAgICAgInJlc29sdmVkIjogImh0dHBzOi8vcmVnaXN0cnkubnBtanMub3JnL0B0eXBlcy9zZW5kLy0vc2VuZC0wLjE3LjQudGd6IiwKICAgICAgImludGVncml0eSI6ICJzaGE1MTItMFJ6Wk42Q1ZqS25RSUdsNXVUdmlZeFJyV1F5Y0dtdHlhQzJzTHlmSnVrNUFjV2dtaDFsN1FwSjBDeURlUGlIVzVOSlBMb3ZBRFE9PSIsCiAgICAgICJsaWNlbnNlIjogIk1JVCIsCiAgICAgICJkZXBlbmRlbmNpZXMiOiB7CiAgICAgICAgIkB0eXBlcy9taW1lIjogIjEiCiAgICAgIH0KICAgIH0sCiAgICAibm9kZV9tb2R1bGVzL0B0eXBlcy9zZW5kL25vZGVfbW9kdWxlcy9AdHlwZXMvbWltZSI6IHsKICAgICAgInZlcnNpb24iOiAiMS42LjQiLAogICAgICAiZGV2IjogdHJ1ZSwKICAgICAgInJlc29sdmVkIjogImh0dHBzOi8vcmVnaXN0cnkubnBtanMub3JnL0B0eXBlcy9taW1lLy0vbWltZS0xLjYuNC50Z3oiLAogICAgICAiaW50ZWdyaXR5IjogInNoYTUxMi1KTkV5T0g5dUxua21MNnVMQ2g3VjJJWVA5aFMyS0x2R0NYQVJ4YkFRYmpxejVsQmpCZitNYjhtNnp2SXl1YlRwSjJiYlh1cG9saVE9PSIsCiAgICAgICJsaWNlbnNlIjogIk1JVCIKICAgIH0sCiAgICAibm9kZV9tb2R1bGVzL0B0eXBlcy93cyI6IHsKICAgICAgInZlcnNpb24iOiAiOC4xOC4xIiwKICAgICAgImRldiI6IHRydWUsCiAgICAgICJyZXNvbHZlZCI6ICJodHRwczovL3JlZ2lzdHJ5Lm5wbWpzLm9yZy9AdHlwZXMvd3MvLS93cy04LjE4LjEudGd6IiwKICAgICAgImludGVncml0eSI6ICJzaGE1MTItbVhqSHFuL1lPb01OejBZZVRKQkJFZWtjN0tXeU1tNnlXbHBidkxIWkUrQ1lTWTFSZktVdU9ySms5N0s3SXBLVVdBR3NLc0NUNFE9PSIsCiAgICAgICJsaWNlbnNlIjogIk1JVCIsCiAgICAgICJkZXBlbmRlbmNpZXMiOiB7CiAgICAgICAgIkB0eXBlcy9ub2RlIjogIioiCiAgICAgIH0KICAgIH0sCiAgICAibm9kZV9tb2R1bGVzL2FjY2VwdHMiOiB7CiAgICAgICJ2ZXJzaW9uIjogIjIuMC4wIiwKICAgICAgInJlc29sdmVkIjogImh0dHBzOi8vcmVnaXN0cnkubnBtanMub3JnL2FjY2VwdHMvLS9hY2NlcHRzLTIuMC4wLnRneiIsCiAgICAgICJpbnRlZ3JpdHkiOiAic2hhNTEyLTVjdlhJUWZkaE81RmVqUEVOUE9qaHFsQ2hMMHRzM3FrSTFkNTg5UFFOMjZPWXJscklGVEtZNWppYTl1R1g4VUhYcFJ0eVpLekFBPT0iLAogICAgICAibGljZW5zZSI6ICJNSVQiLAogICAgICAiZGVwZW5kZW5jaWVzIjoge
